// !$*UTF8*$!
{
	archiveVersion = 1;
	classes = {
	};
	objectVersion = 52;
	objects = {

/* Begin PBXBuildFile section */
		BA280FA8241174FD00EB43CA /* Array++.swift in Sources */ = {isa = PBXBuildFile; fileRef = BA280FA7241174FD00EB43CA /* Array++.swift */; };
		BAA7170C24111B700043DC98 /* Regular_Expression_Test.swift in Sources */ = {isa = PBXBuildFile; fileRef = BAA7170B24111B700043DC98 /* Regular_Expression_Test.swift */; };
		BAA71712241147A30043DC98 /* Collection++.swift in Sources */ = {isa = PBXBuildFile; fileRef = BAA71711241147A30043DC98 /* Collection++.swift */; };
		BAB61F0F2498E5C600EC629B /* Node.swift in Sources */ = {isa = PBXBuildFile; fileRef = BAB61F0E2498E5C600EC629B /* Node.swift */; };
		BAB61F112498EE9600EC629B /* ClosedRange++.swift in Sources */ = {isa = PBXBuildFile; fileRef = BAB61F102498EE9600EC629B /* ClosedRange++.swift */; };
		BAC6DA04240FA6D400F410BC /* main.swift in Sources */ = {isa = PBXBuildFile; fileRef = BAC6DA03240FA6D400F410BC /* main.swift */; };
		BAC6DA0B240FA71C00F410BC /* NondeterministicFiniteAutonaton.swift in Sources */ = {isa = PBXBuildFile; fileRef = BAC6DA0A240FA71C00F410BC /* NondeterministicFiniteAutonaton.swift */; };
		BAC6DA0D240FA73600F410BC /* NFAFlag.swift in Sources */ = {isa = PBXBuildFile; fileRef = BAC6DA0C240FA73600F410BC /* NFAFlag.swift */; };
		BAC6DA0F240FA75E00F410BC /* NonDisjointSet.swift in Sources */ = {isa = PBXBuildFile; fileRef = BAC6DA0E240FA75E00F410BC /* NonDisjointSet.swift */; };
		BAC6DA13240FA78900F410BC /* DeterministicFiniteAutomaton.swift in Sources */ = {isa = PBXBuildFile; fileRef = BAC6DA12240FA78900F410BC /* DeterministicFiniteAutomaton.swift */; };
		BAC6DA15240FA7A500F410BC /* DFARuntime.swift in Sources */ = {isa = PBXBuildFile; fileRef = BAC6DA14240FA7A500F410BC /* DFARuntime.swift */; };
		BAC6DA17240FA7E300F410BC /* Token.swift in Sources */ = {isa = PBXBuildFile; fileRef = BAC6DA16240FA7E300F410BC /* Token.swift */; };
		BAC6DA19240FA95900F410BC /* Lexer.swift in Sources */ = {isa = PBXBuildFile; fileRef = BAC6DA18240FA95900F410BC /* Lexer.swift */; };
		BAC6DA1B240FA97400F410BC /* Parser.swift in Sources */ = {isa = PBXBuildFile; fileRef = BAC6DA1A240FA97400F410BC /* Parser.swift */; };
		BAC6DA1D240FA9AB00F410BC /* NodeType.swift in Sources */ = {isa = PBXBuildFile; fileRef = BAC6DA1C240FA9AB00F410BC /* NodeType.swift */; };
		BAC6DA1F240FAA0B00F410BC /* Character+Node.swift in Sources */ = {isa = PBXBuildFile; fileRef = BAC6DA1E240FAA0B00F410BC /* Character+Node.swift */; };
		BAC6DA21240FAA2000F410BC /* Optional+Node.swift in Sources */ = {isa = PBXBuildFile; fileRef = BAC6DA20240FAA2000F410BC /* Optional+Node.swift */; };
		BAC6DA24240FAA4200F410BC /* Star.swift in Sources */ = {isa = PBXBuildFile; fileRef = BAC6DA23240FAA4200F410BC /* Star.swift */; };
		BAC6DA26240FAA4D00F410BC /* Concat.swift in Sources */ = {isa = PBXBuildFile; fileRef = BAC6DA25240FAA4D00F410BC /* Concat.swift */; };
		BAC6DA28240FAA6300F410BC /* Union.swift in Sources */ = {isa = PBXBuildFile; fileRef = BAC6DA27240FAA6300F410BC /* Union.swift */; };
		BAC6DA2A240FAA7700F410BC /* Context.swift in Sources */ = {isa = PBXBuildFile; fileRef = BAC6DA29240FAA7700F410BC /* Context.swift */; };
		BAC6DA31240FACEB00F410BC /* ArgumentParser in Frameworks */ = {isa = PBXBuildFile; productRef = BAC6DA30240FACEB00F410BC /* ArgumentParser */; };
		BAE939702411785000292840 /* Character++.swift in Sources */ = {isa = PBXBuildFile; fileRef = BAE9396F2411785000292840 /* Character++.swift */; };
/* End PBXBuildFile section */

/* Begin PBXCopyFilesBuildPhase section */
		BAC6D9FE240FA6D400F410BC /* CopyFiles */ = {
			isa = PBXCopyFilesBuildPhase;
			buildActionMask = 2147483647;
			dstPath = /usr/share/man/man1/;
			dstSubfolderSpec = 0;
			files = (
			);
			runOnlyForDeploymentPostprocessing = 1;
		};
/* End PBXCopyFilesBuildPhase section */

/* Begin PBXFileReference section */
		BA280FA7241174FD00EB43CA /* Array++.swift */ = {isa = PBXFileReference; lastKnownFileType = sourcecode.swift; path = "Array++.swift"; sourceTree = "<group>"; };
		BAA7170924111B700043DC98 /* Regular Expression Test.xctest */ = {isa = PBXFileReference; explicitFileType = wrapper.cfbundle; includeInIndex = 0; path = "Regular Expression Test.xctest"; sourceTree = BUILT_PRODUCTS_DIR; };
		BAA7170B24111B700043DC98 /* Regular_Expression_Test.swift */ = {isa = PBXFileReference; lastKnownFileType = sourcecode.swift; path = Regular_Expression_Test.swift; sourceTree = "<group>"; };
		BAA7170D24111B700043DC98 /* Info.plist */ = {isa = PBXFileReference; lastKnownFileType = text.plist.xml; path = Info.plist; sourceTree = "<group>"; };
		BAA71711241147A30043DC98 /* Collection++.swift */ = {isa = PBXFileReference; lastKnownFileType = sourcecode.swift; path = "Collection++.swift"; sourceTree = "<group>"; };
		BAB61F0E2498E5C600EC629B /* Node.swift */ = {isa = PBXFileReference; lastKnownFileType = sourcecode.swift; path = Node.swift; sourceTree = "<group>"; };
		BAB61F102498EE9600EC629B /* ClosedRange++.swift */ = {isa = PBXFileReference; lastKnownFileType = sourcecode.swift; path = "ClosedRange++.swift"; sourceTree = "<group>"; };
		BAC6DA00240FA6D400F410BC /* Regular Expression */ = {isa = PBXFileReference; explicitFileType = "compiled.mach-o.executable"; includeInIndex = 0; path = "Regular Expression"; sourceTree = BUILT_PRODUCTS_DIR; };
		BAC6DA03240FA6D400F410BC /* main.swift */ = {isa = PBXFileReference; lastKnownFileType = sourcecode.swift; path = main.swift; sourceTree = "<group>"; };
		BAC6DA0A240FA71C00F410BC /* NondeterministicFiniteAutonaton.swift */ = {isa = PBXFileReference; lastKnownFileType = sourcecode.swift; path = NondeterministicFiniteAutonaton.swift; sourceTree = "<group>"; };
		BAC6DA0C240FA73600F410BC /* NFAFlag.swift */ = {isa = PBXFileReference; lastKnownFileType = sourcecode.swift; path = NFAFlag.swift; sourceTree = "<group>"; };
		BAC6DA0E240FA75E00F410BC /* NonDisjointSet.swift */ = {isa = PBXFileReference; lastKnownFileType = sourcecode.swift; path = NonDisjointSet.swift; sourceTree = "<group>"; };
		BAC6DA12240FA78900F410BC /* DeterministicFiniteAutomaton.swift */ = {isa = PBXFileReference; lastKnownFileType = sourcecode.swift; path = DeterministicFiniteAutomaton.swift; sourceTree = "<group>"; };
		BAC6DA14240FA7A500F410BC /* DFARuntime.swift */ = {isa = PBXFileReference; lastKnownFileType = sourcecode.swift; path = DFARuntime.swift; sourceTree = "<group>"; };
		BAC6DA16240FA7E300F410BC /* Token.swift */ = {isa = PBXFileReference; lastKnownFileType = sourcecode.swift; path = Token.swift; sourceTree = "<group>"; };
		BAC6DA18240FA95900F410BC /* Lexer.swift */ = {isa = PBXFileReference; lastKnownFileType = sourcecode.swift; path = Lexer.swift; sourceTree = "<group>"; };
		BAC6DA1A240FA97400F410BC /* Parser.swift */ = {isa = PBXFileReference; lastKnownFileType = sourcecode.swift; path = Parser.swift; sourceTree = "<group>"; };
		BAC6DA1C240FA9AB00F410BC /* NodeType.swift */ = {isa = PBXFileReference; lastKnownFileType = sourcecode.swift; path = NodeType.swift; sourceTree = "<group>"; };
		BAC6DA1E240FAA0B00F410BC /* Character+Node.swift */ = {isa = PBXFileReference; lastKnownFileType = sourcecode.swift; path = "Character+Node.swift"; sourceTree = "<group>"; };
		BAC6DA20240FAA2000F410BC /* Optional+Node.swift */ = {isa = PBXFileReference; lastKnownFileType = sourcecode.swift; path = "Optional+Node.swift"; sourceTree = "<group>"; };
		BAC6DA23240FAA4200F410BC /* Star.swift */ = {isa = PBXFileReference; lastKnownFileType = sourcecode.swift; path = Star.swift; sourceTree = "<group>"; };
		BAC6DA25240FAA4D00F410BC /* Concat.swift */ = {isa = PBXFileReference; lastKnownFileType = sourcecode.swift; path = Concat.swift; sourceTree = "<group>"; };
		BAC6DA27240FAA6300F410BC /* Union.swift */ = {isa = PBXFileReference; lastKnownFileType = sourcecode.swift; path = Union.swift; sourceTree = "<group>"; };
		BAC6DA29240FAA7700F410BC /* Context.swift */ = {isa = PBXFileReference; lastKnownFileType = sourcecode.swift; path = Context.swift; sourceTree = "<group>"; };
		BAE9396F2411785000292840 /* Character++.swift */ = {isa = PBXFileReference; lastKnownFileType = sourcecode.swift; path = "Character++.swift"; sourceTree = "<group>"; };
/* End PBXFileReference section */

/* Begin PBXFrameworksBuildPhase section */
		BAA7170624111B700043DC98 /* Frameworks */ = {
			isa = PBXFrameworksBuildPhase;
			buildActionMask = 2147483647;
			files = (
			);
			runOnlyForDeploymentPostprocessing = 0;
		};
		BAC6D9FD240FA6D400F410BC /* Frameworks */ = {
			isa = PBXFrameworksBuildPhase;
			buildActionMask = 2147483647;
			files = (
				BAC6DA31240FACEB00F410BC /* ArgumentParser in Frameworks */,
			);
			runOnlyForDeploymentPostprocessing = 0;
		};
/* End PBXFrameworksBuildPhase section */

/* Begin PBXGroup section */
		BAA7170A24111B700043DC98 /* Regular Expression Test */ = {
			isa = PBXGroup;
			children = (
				BAA7170B24111B700043DC98 /* Regular_Expression_Test.swift */,
				BAA7170D24111B700043DC98 /* Info.plist */,
			);
			path = "Regular Expression Test";
			sourceTree = "<group>";
		};
		BAC6D9F7240FA6D400F410BC = {
			isa = PBXGroup;
			children = (
				BAC6DA02240FA6D400F410BC /* Regular Expression */,
				BAA7170A24111B700043DC98 /* Regular Expression Test */,
				BAC6DA01240FA6D400F410BC /* Products */,
			);
			sourceTree = "<group>";
		};
		BAC6DA01240FA6D400F410BC /* Products */ = {
			isa = PBXGroup;
			children = (
				BAC6DA00240FA6D400F410BC /* Regular Expression */,
				BAA7170924111B700043DC98 /* Regular Expression Test.xctest */,
			);
			name = Products;
			sourceTree = "<group>";
		};
		BAC6DA02240FA6D400F410BC /* Regular Expression */ = {
			isa = PBXGroup;
			children = (
				BAC6DA03240FA6D400F410BC /* main.swift */,
				BAC6DA2D240FAB4900F410BC /* NFA */,
				BAC6DA2E240FAB5200F410BC /* DFA */,
				BAC6DA2C240FAB3200F410BC /* Parser */,
				BAC6DA22240FAA2400F410BC /* Nodes */,
				BAC6DA2B240FAA9D00F410BC /* Extensions */,
			);
			path = "Regular Expression";
			sourceTree = "<group>";
		};
		BAC6DA22240FAA2400F410BC /* Nodes */ = {
			isa = PBXGroup;
			children = (
				BAC6DA1C240FA9AB00F410BC /* NodeType.swift */,
				BAC6DA1E240FAA0B00F410BC /* Character+Node.swift */,
				BAC6DA20240FAA2000F410BC /* Optional+Node.swift */,
				BAC6DA23240FAA4200F410BC /* Star.swift */,
				BAC6DA25240FAA4D00F410BC /* Concat.swift */,
				BAC6DA27240FAA6300F410BC /* Union.swift */,
				BAB61F0E2498E5C600EC629B /* Node.swift */,
			);
			path = Nodes;
			sourceTree = "<group>";
		};
		BAC6DA2B240FAA9D00F410BC /* Extensions */ = {
			isa = PBXGroup;
			children = (
				BA280FA7241174FD00EB43CA /* Array++.swift */,
				BAE9396F2411785000292840 /* Character++.swift */,
				BAA71711241147A30043DC98 /* Collection++.swift */,
				BAC6DA0E240FA75E00F410BC /* NonDisjointSet.swift */,
				BAB61F102498EE9600EC629B /* ClosedRange++.swift */,
			);
			path = Extensions;
			sourceTree = "<group>";
		};
		BAC6DA2C240FAB3200F410BC /* Parser */ = {
			isa = PBXGroup;
			children = (
				BAC6DA16240FA7E300F410BC /* Token.swift */,
				BAC6DA18240FA95900F410BC /* Lexer.swift */,
				BAC6DA1A240FA97400F410BC /* Parser.swift */,
				BAC6DA29240FAA7700F410BC /* Context.swift */,
			);
			path = Parser;
			sourceTree = "<group>";
		};
		BAC6DA2D240FAB4900F410BC /* NFA */ = {
			isa = PBXGroup;
			children = (
				BAC6DA0A240FA71C00F410BC /* NondeterministicFiniteAutonaton.swift */,
				BAC6DA0C240FA73600F410BC /* NFAFlag.swift */,
			);
			path = NFA;
			sourceTree = "<group>";
		};
		BAC6DA2E240FAB5200F410BC /* DFA */ = {
			isa = PBXGroup;
			children = (
				BAC6DA12240FA78900F410BC /* DeterministicFiniteAutomaton.swift */,
				BAC6DA14240FA7A500F410BC /* DFARuntime.swift */,
			);
			path = DFA;
			sourceTree = "<group>";
		};
/* End PBXGroup section */

/* Begin PBXNativeTarget section */
		BAA7170824111B700043DC98 /* Regular Expression Test */ = {
			isa = PBXNativeTarget;
			buildConfigurationList = BAA7171024111B700043DC98 /* Build configuration list for PBXNativeTarget "Regular Expression Test" */;
			buildPhases = (
				BAA7170524111B700043DC98 /* Sources */,
				BAA7170624111B700043DC98 /* Frameworks */,
				BAA7170724111B700043DC98 /* Resources */,
			);
			buildRules = (
			);
			dependencies = (
			);
			name = "Regular Expression Test";
			productName = "Regular Expression Test";
			productReference = BAA7170924111B700043DC98 /* Regular Expression Test.xctest */;
			productType = "com.apple.product-type.bundle.unit-test";
		};
		BAC6D9FF240FA6D400F410BC /* Regular Expression */ = {
			isa = PBXNativeTarget;
			buildConfigurationList = BAC6DA07240FA6D400F410BC /* Build configuration list for PBXNativeTarget "Regular Expression" */;
			buildPhases = (
				BAC6D9FC240FA6D400F410BC /* Sources */,
				BAC6D9FD240FA6D400F410BC /* Frameworks */,
				BAC6D9FE240FA6D400F410BC /* CopyFiles */,
			);
			buildRules = (
			);
			dependencies = (
			);
			name = "Regular Expression";
			packageProductDependencies = (
				BAC6DA30240FACEB00F410BC /* ArgumentParser */,
			);
			productName = "Regular Expression";
			productReference = BAC6DA00240FA6D400F410BC /* Regular Expression */;
			productType = "com.apple.product-type.tool";
		};
/* End PBXNativeTarget section */

/* Begin PBXProject section */
		BAC6D9F8240FA6D400F410BC /* Project object */ = {
			isa = PBXProject;
			attributes = {
				LastSwiftUpdateCheck = 1130;
				LastUpgradeCheck = 1140;
				ORGANIZATIONNAME = "Masashi Aso";
				TargetAttributes = {
					BAA7170824111B700043DC98 = {
						CreatedOnToolsVersion = 11.3.1;
					};
					BAC6D9FF240FA6D400F410BC = {
						CreatedOnToolsVersion = 11.3.1;
					};
				};
			};
			buildConfigurationList = BAC6D9FB240FA6D400F410BC /* Build configuration list for PBXProject "Regular Expression" */;
			compatibilityVersion = "Xcode 9.3";
			developmentRegion = en;
			hasScannedForEncodings = 0;
			knownRegions = (
				en,
				Base,
			);
			mainGroup = BAC6D9F7240FA6D400F410BC;
			packageReferences = (
				BAC6DA2F240FACEB00F410BC /* XCRemoteSwiftPackageReference "swift-argument-parser" */,
			);
			productRefGroup = BAC6DA01240FA6D400F410BC /* Products */;
			projectDirPath = "";
			projectRoot = "";
			targets = (
				BAC6D9FF240FA6D400F410BC /* Regular Expression */,
				BAA7170824111B700043DC98 /* Regular Expression Test */,
			);
		};
/* End PBXProject section */

/* Begin PBXResourcesBuildPhase section */
		BAA7170724111B700043DC98 /* Resources */ = {
			isa = PBXResourcesBuildPhase;
			buildActionMask = 2147483647;
			files = (
			);
			runOnlyForDeploymentPostprocessing = 0;
		};
/* End PBXResourcesBuildPhase section */

/* Begin PBXSourcesBuildPhase section */
		BAA7170524111B700043DC98 /* Sources */ = {
			isa = PBXSourcesBuildPhase;
			buildActionMask = 2147483647;
			files = (
				BAA7170C24111B700043DC98 /* Regular_Expression_Test.swift in Sources */,
			);
			runOnlyForDeploymentPostprocessing = 0;
		};
		BAC6D9FC240FA6D400F410BC /* Sources */ = {
			isa = PBXSourcesBuildPhase;
			buildActionMask = 2147483647;
			files = (
				BAA71712241147A30043DC98 /* Collection++.swift in Sources */,
				BAC6DA2A240FAA7700F410BC /* Context.swift in Sources */,
				BAB61F0F2498E5C600EC629B /* Node.swift in Sources */,
				BAC6DA13240FA78900F410BC /* DeterministicFiniteAutomaton.swift in Sources */,
				BAC6DA04240FA6D400F410BC /* main.swift in Sources */,
				BAC6DA1B240FA97400F410BC /* Parser.swift in Sources */,
				BAC6DA24240FAA4200F410BC /* Star.swift in Sources */,
				BAC6DA21240FAA2000F410BC /* Optional+Node.swift in Sources */,
				BAE939702411785000292840 /* Character++.swift in Sources */,
				BA280FA8241174FD00EB43CA /* Array++.swift in Sources */,
				BAC6DA1D240FA9AB00F410BC /* NodeType.swift in Sources */,
				BAC6DA26240FAA4D00F410BC /* Concat.swift in Sources */,
				BAC6DA0B240FA71C00F410BC /* NondeterministicFiniteAutonaton.swift in Sources */,
				BAC6DA15240FA7A500F410BC /* DFARuntime.swift in Sources */,
				BAB61F112498EE9600EC629B /* ClosedRange++.swift in Sources */,
				BAC6DA1F240FAA0B00F410BC /* Character+Node.swift in Sources */,
				BAC6DA0F240FA75E00F410BC /* NonDisjointSet.swift in Sources */,
				BAC6DA0D240FA73600F410BC /* NFAFlag.swift in Sources */,
				BAC6DA19240FA95900F410BC /* Lexer.swift in Sources */,
				BAC6DA17240FA7E300F410BC /* Token.swift in Sources */,
				BAC6DA28240FAA6300F410BC /* Union.swift in Sources */,
			);
			runOnlyForDeploymentPostprocessing = 0;
		};
/* End PBXSourcesBuildPhase section */

/* Begin XCBuildConfiguration section */
		BAA7170E24111B700043DC98 /* Debug */ = {
			isa = XCBuildConfiguration;
			buildSettings = {
				CODE_SIGN_STYLE = Automatic;
				COMBINE_HIDPI_IMAGES = YES;
				DEVELOPMENT_TEAM = 7947K7LHD3;
				INFOPLIST_FILE = "Regular Expression Test/Info.plist";
				LD_RUNPATH_SEARCH_PATHS = (
					"$(inherited)",
					"@executable_path/../Frameworks",
					"@loader_path/../Frameworks",
				);
				PRODUCT_BUNDLE_IDENTIFIER = "MasasaM-shi.Regular-Expression-Test";
				PRODUCT_NAME = "$(TARGET_NAME)";
				SWIFT_VERSION = 5.0;
			};
			name = Debug;
		};
		BAA7170F24111B700043DC98 /* Release */ = {
			isa = XCBuildConfiguration;
			buildSettings = {
				CODE_SIGN_STYLE = Automatic;
				COMBINE_HIDPI_IMAGES = YES;
				DEVELOPMENT_TEAM = 7947K7LHD3;
				INFOPLIST_FILE = "Regular Expression Test/Info.plist";
				LD_RUNPATH_SEARCH_PATHS = (
					"$(inherited)",
					"@executable_path/../Frameworks",
					"@loader_path/../Frameworks",
				);
				PRODUCT_BUNDLE_IDENTIFIER = "MasasaM-shi.Regular-Expression-Test";
				PRODUCT_NAME = "$(TARGET_NAME)";
				SWIFT_VERSION = 5.0;
			};
			name = Release;
		};
		BAC6DA05240FA6D400F410BC /* Debug */ = {
			isa = XCBuildConfiguration;
			buildSettings = {
				ALWAYS_SEARCH_USER_PATHS = NO;
				CLANG_ANALYZER_NONNULL = YES;
				CLANG_ANALYZER_NUMBER_OBJECT_CONVERSION = YES_AGGRESSIVE;
				CLANG_CXX_LANGUAGE_STANDARD = "gnu++14";
				CLANG_CXX_LIBRARY = "libc++";
				CLANG_ENABLE_MODULES = YES;
				CLANG_ENABLE_OBJC_ARC = YES;
				CLANG_ENABLE_OBJC_WEAK = YES;
				CLANG_WARN_BLOCK_CAPTURE_AUTORELEASING = YES;
				CLANG_WARN_BOOL_CONVERSION = YES;
				CLANG_WARN_COMMA = YES;
				CLANG_WARN_CONSTANT_CONVERSION = YES;
				CLANG_WARN_DEPRECATED_OBJC_IMPLEMENTATIONS = YES;
				CLANG_WARN_DIRECT_OBJC_ISA_USAGE = YES_ERROR;
				CLANG_WARN_DOCUMENTATION_COMMENTS = YES;
				CLANG_WARN_EMPTY_BODY = YES;
				CLANG_WARN_ENUM_CONVERSION = YES;
				CLANG_WARN_INFINITE_RECURSION = YES;
				CLANG_WARN_INT_CONVERSION = YES;
				CLANG_WARN_NON_LITERAL_NULL_CONVERSION = YES;
				CLANG_WARN_OBJC_IMPLICIT_RETAIN_SELF = YES;
				CLANG_WARN_OBJC_LITERAL_CONVERSION = YES;
				CLANG_WARN_OBJC_ROOT_CLASS = YES_ERROR;
				CLANG_WARN_RANGE_LOOP_ANALYSIS = YES;
				CLANG_WARN_STRICT_PROTOTYPES = YES;
				CLANG_WARN_SUSPICIOUS_MOVE = YES;
				CLANG_WARN_UNGUARDED_AVAILABILITY = YES_AGGRESSIVE;
				CLANG_WARN_UNREACHABLE_CODE = YES;
				CLANG_WARN__DUPLICATE_METHOD_MATCH = YES;
				COPY_PHASE_STRIP = NO;
				DEBUG_INFORMATION_FORMAT = dwarf;
				ENABLE_STRICT_OBJC_MSGSEND = YES;
				ENABLE_TESTABILITY = YES;
				GCC_C_LANGUAGE_STANDARD = gnu11;
				GCC_DYNAMIC_NO_PIC = NO;
				GCC_NO_COMMON_BLOCKS = YES;
				GCC_OPTIMIZATION_LEVEL = 0;
				GCC_PREPROCESSOR_DEFINITIONS = (
					"DEBUG=1",
					"$(inherited)",
				);
				GCC_WARN_64_TO_32_BIT_CONVERSION = YES;
				GCC_WARN_ABOUT_RETURN_TYPE = YES_ERROR;
				GCC_WARN_UNDECLARED_SELECTOR = YES;
				GCC_WARN_UNINITIALIZED_AUTOS = YES_AGGRESSIVE;
				GCC_WARN_UNUSED_FUNCTION = YES;
				GCC_WARN_UNUSED_VARIABLE = YES;
				MACOSX_DEPLOYMENT_TARGET = 10.15;
				MTL_ENABLE_DEBUG_INFO = INCLUDE_SOURCE;
				MTL_FAST_MATH = YES;
				ONLY_ACTIVE_ARCH = YES;
				SDKROOT = macosx;
				SWIFT_ACTIVE_COMPILATION_CONDITIONS = DEBUG;
				SWIFT_OPTIMIZATION_LEVEL = "-Onone";
			};
			name = Debug;
		};
		BAC6DA06240FA6D400F410BC /* Release */ = {
			isa = XCBuildConfiguration;
			buildSettings = {
				ALWAYS_SEARCH_USER_PATHS = NO;
				CLANG_ANALYZER_NONNULL = YES;
				CLANG_ANALYZER_NUMBER_OBJECT_CONVERSION = YES_AGGRESSIVE;
				CLANG_CXX_LANGUAGE_STANDARD = "gnu++14";
				CLANG_CXX_LIBRARY = "libc++";
				CLANG_ENABLE_MODULES = YES;
				CLANG_ENABLE_OBJC_ARC = YES;
				CLANG_ENABLE_OBJC_WEAK = YES;
				CLANG_WARN_BLOCK_CAPTURE_AUTORELEASING = YES;
				CLANG_WARN_BOOL_CONVERSION = YES;
				CLANG_WARN_COMMA = YES;
				CLANG_WARN_CONSTANT_CONVERSION = YES;
				CLANG_WARN_DEPRECATED_OBJC_IMPLEMENTATIONS = YES;
				CLANG_WARN_DIRECT_OBJC_ISA_USAGE = YES_ERROR;
				CLANG_WARN_DOCUMENTATION_COMMENTS = YES;
				CLANG_WARN_EMPTY_BODY = YES;
				CLANG_WARN_ENUM_CONVERSION = YES;
				CLANG_WARN_INFINITE_RECURSION = YES;
				CLANG_WARN_INT_CONVERSION = YES;
				CLANG_WARN_NON_LITERAL_NULL_CONVERSION = YES;
				CLANG_WARN_OBJC_IMPLICIT_RETAIN_SELF = YES;
				CLANG_WARN_OBJC_LITERAL_CONVERSION = YES;
				CLANG_WARN_OBJC_ROOT_CLASS = YES_ERROR;
				CLANG_WARN_RANGE_LOOP_ANALYSIS = YES;
				CLANG_WARN_STRICT_PROTOTYPES = YES;
				CLANG_WARN_SUSPICIOUS_MOVE = YES;
				CLANG_WARN_UNGUARDED_AVAILABILITY = YES_AGGRESSIVE;
				CLANG_WARN_UNREACHABLE_CODE = YES;
				CLANG_WARN__DUPLICATE_METHOD_MATCH = YES;
				COPY_PHASE_STRIP = NO;
				DEBUG_INFORMATION_FORMAT = "dwarf-with-dsym";
				ENABLE_NS_ASSERTIONS = NO;
				ENABLE_STRICT_OBJC_MSGSEND = YES;
				GCC_C_LANGUAGE_STANDARD = gnu11;
				GCC_NO_COMMON_BLOCKS = YES;
				GCC_WARN_64_TO_32_BIT_CONVERSION = YES;
				GCC_WARN_ABOUT_RETURN_TYPE = YES_ERROR;
				GCC_WARN_UNDECLARED_SELECTOR = YES;
				GCC_WARN_UNINITIALIZED_AUTOS = YES_AGGRESSIVE;
				GCC_WARN_UNUSED_FUNCTION = YES;
				GCC_WARN_UNUSED_VARIABLE = YES;
				MACOSX_DEPLOYMENT_TARGET = 10.15;
				MTL_ENABLE_DEBUG_INFO = NO;
				MTL_FAST_MATH = YES;
				SDKROOT = macosx;
				SWIFT_COMPILATION_MODE = wholemodule;
				SWIFT_OPTIMIZATION_LEVEL = "-O";
			};
			name = Release;
		};
		BAC6DA08240FA6D400F410BC /* Debug */ = {
			isa = XCBuildConfiguration;
			buildSettings = {
				CODE_SIGN_IDENTITY = "-";
				CODE_SIGN_STYLE = Automatic;
				DEVELOPMENT_TEAM = 7947K7LHD3;
				ENABLE_HARDENED_RUNTIME = YES;
				PRODUCT_NAME = "$(TARGET_NAME)";
				SWIFT_VERSION = 5.0;
			};
			name = Debug;
		};
		BAC6DA09240FA6D400F410BC /* Release */ = {
			isa = XCBuildConfiguration;
			buildSettings = {
				CODE_SIGN_IDENTITY = "-";
				CODE_SIGN_STYLE = Automatic;
				DEVELOPMENT_TEAM = 7947K7LHD3;
				ENABLE_HARDENED_RUNTIME = YES;
				PRODUCT_NAME = "$(TARGET_NAME)";
				SWIFT_VERSION = 5.0;
			};
			name = Release;
		};
/* End XCBuildConfiguration section */

/* Begin XCConfigurationList section */
		BAA7171024111B700043DC98 /* Build configuration list for PBXNativeTarget "Regular Expression Test" */ = {
			isa = XCConfigurationList;
			buildConfigurations = (
				BAA7170E24111B700043DC98 /* Debug */,
				BAA7170F24111B700043DC98 /* Release */,
			);
			defaultConfigurationIsVisible = 0;
			defaultConfigurationName = Release;
		};
		BAC6D9FB240FA6D400F410BC /* Build configuration list for PBXProject "Regular Expression" */ = {
			isa = XCConfigurationList;
			buildConfigurations = (
				BAC6DA05240FA6D400F410BC /* Debug */,
				BAC6DA06240FA6D400F410BC /* Release */,
			);
			defaultConfigurationIsVisible = 0;
			defaultConfigurationName = Release;
		};
		BAC6DA07240FA6D400F410BC /* Build configuration list for PBXNativeTarget "Regular Expression" */ = {
			isa = XCConfigurationList;
			buildConfigurations = (
				BAC6DA08240FA6D400F410BC /* Debug */,
				BAC6DA09240FA6D400F410BC /* Release */,
			);
			defaultConfigurationIsVisible = 0;
			defaultConfigurationName = Release;
		};
/* End XCConfigurationList section */

/* Begin XCRemoteSwiftPackageReference section */
		BAC6DA2F240FACEB00F410BC /* XCRemoteSwiftPackageReference "swift-argument-parser" */ = {
			isa = XCRemoteSwiftPackageReference;
			repositoryURL = "https://github.com/apple/swift-argument-parser";
			requirement = {
				kind = upToNextMajorVersion;
				minimumVersion = 0.0.1;
			};
		};
/* End XCRemoteSwiftPackageReference section */

/* Begin XCSwiftPackageProductDependency section */
		BAC6DA30240FACEB00F410BC /* ArgumentParser */ = {
			isa = XCSwiftPackageProductDependency;
			package = BAC6DA2F240FACEB00F410BC /* XCRemoteSwiftPackageReference "swift-argument-parser" */;
			productName = ArgumentParser;
		};
/* End XCSwiftPackageProductDependency section */
	};
	rootObject = BAC6D9F8240FA6D400F410BC /* Project object */;
}
